{
  "name": "slyboots.github.io",
  "version": "1.0.0",
  "lockfileVersion": 1,
  "requires": true,
  "dependencies": {
    "tachyons": {
      "version": "4.8.1",
      "resolved": "https://registry.npmjs.org/tachyons/-/tachyons-4.8.1.tgz",
      "integrity": "sha512-sh/LFb9MoPt76sBKUSHP1MlMVRBw6zDiv11Ag/t5M4wS1mxQhFnNkDzhGdH6/xIwPO5tqwlNnXfiTI5XwDCJzA=="
    },
    "tachyons-sass": {
      "version": "4.8.1",
      "resolved": "https://registry.npmjs.org/tachyons-sass/-/tachyons-sass-4.8.1.tgz",
      "integrity": "sha512-2lyzsFRpFVCjAi7FzuhD6nRUkj6wVH81850AGvxPD5C9G8n58ok5iIuwIm+s/8CaNiqzcnGXzGthJ4Kiq2Y5Og==",
      "requires": {
        "tachyons": "4.8.1"
      }
    }
  }
}
